
Microsoft Visual Studio Solution File, Format Version 12.00
# Visual Studio 15
VisualStudioVersion = 15.0.27703.2042
MinimumVisualStudioVersion = 10.0.40219.1
Project("{FAE04EC0-301F-11D3-BF4B-00C04F79EFBC}") = "LockOnKeypressConsole", "LockOnKeypressConsole\LockOnKeypressConsole.csproj", "{90E04324-B454-484B-A5D0-C33CF5FD4044}"
EndProject
Global
	GlobalSection(SolutionConfigurationPlatforms) = preSolution
		Debug|Any CPU = Debug|Any CPU
		Release|Any CPU = Release|Any CPU
	EndGlobalSection
	GlobalSection(ProjectConfigurationPlatforms) = postSolution
		{90E04324-B454-484B-A5D0-C33CF5FD4044}.Debug|Any CPU.ActiveCfg = Debug|Any CPU
		{90E04324-B454-484B-A5D0-C33CF5FD4044}.Debug|Any CPU.Build.0 = Debug|Any CPU
		{90E04324-B454-484B-A5D0-C33CF5FD4044}.Release|Any CPU.ActiveCfg = Release|Any CPU
		{90E04324-B454-484B-A5D0-C33CF5FD4044}.Release|Any CPU.Build.0 = Release|Any CPU
	EndGlobalSection
	GlobalSection(SolutionProperties) = preSolution
		HideSolutionNode = FALSE
	EndGlobalSection
	GlobalSection(ExtensibilityGlobals) = postSolution
		SolutionGuid = {E79151BC-E389-4805-B1A5-5EE424D35D1A}
	EndGlobalSection
EndGlobal
